
Microsoft Visual Studio Solution File, Format Version 12.00
Project("{FAE04EC0-301F-11D3-BF4B-00C04F79EFBC}") = "kata-test", "kata-test\kata-test.csproj", "{ADA61485-2A8C-446B-9580-4C300010F63F}"
EndProject
Project("{FAE04EC0-301F-11D3-BF4B-00C04F79EFBC}") = "kata", "kata\kata.csproj", "{325C3D20-147F-4613-96FB-449DFF3A6FEA}"
EndProject
Global
	GlobalSection(SolutionConfigurationPlatforms) = preSolution
		Debug|Any CPU = Debug|Any CPU
		Release|Any CPU = Release|Any CPU
	EndGlobalSection
	GlobalSection(ProjectConfigurationPlatforms) = postSolution
		{ADA61485-2A8C-446B-9580-4C300010F63F}.Debug|Any CPU.ActiveCfg = Debug|Any CPU
		{ADA61485-2A8C-446B-9580-4C300010F63F}.Debug|Any CPU.Build.0 = Debug|Any CPU
		{ADA61485-2A8C-446B-9580-4C300010F63F}.Release|Any CPU.ActiveCfg = Release|Any CPU
		{ADA61485-2A8C-446B-9580-4C300010F63F}.Release|Any CPU.Build.0 = Release|Any CPU
		{325C3D20-147F-4613-96FB-449DFF3A6FEA}.Debug|Any CPU.ActiveCfg = Debug|Any CPU
		{325C3D20-147F-4613-96FB-449DFF3A6FEA}.Debug|Any CPU.Build.0 = Debug|Any CPU
		{325C3D20-147F-4613-96FB-449DFF3A6FEA}.Release|Any CPU.ActiveCfg = Release|Any CPU
		{325C3D20-147F-4613-96FB-449DFF3A6FEA}.Release|Any CPU.Build.0 = Release|Any CPU
	EndGlobalSection
EndGlobal
